
Microsoft Visual Studio Solution File, Format Version 12.00
# Visual Studio 15
VisualStudioVersion = 15.0.26430.13
MinimumVisualStudioVersion = 10.0.40219.1
Project("{2150E333-8FDC-42A3-9474-1A3956D46DE8}") = "Solution Items", "Solution Items", "{202CAAE3-4937-4BE3-96E8-C16BF9C216F6}"
	ProjectSection(SolutionItems) = preProject
		build-packages.cmd = build-packages.cmd
		build-vsextension.cmd = build-vsextension.cmd
		NuGet.config = NuGet.config
		version.props = version.props
	EndProjectSection
EndProject
Project("{2150E333-8FDC-42A3-9474-1A3956D46DE8}") = "src", "src", "{2FB55188-2625-4A89-8642-83C18FA2A362}"
EndProject
Project("{2150E333-8FDC-42A3-9474-1A3956D46DE8}") = "DNA", "DNA", "{0FCBC715-108E-49BA-A5C6-CF21D22874B1}"
EndProject
Project("{FAE04EC0-301F-11D3-BF4B-00C04F79EFBC}") = "corlib", "src\DNA\corlib\corlib.csproj", "{C8506C7D-2026-46A6-80CB-7AC11A19F053}"
EndProject
Project("{FAE04EC0-301F-11D3-BF4B-00C04F79EFBC}") = "SampleHost", "SampleHost\SampleHost.csproj", "{F5787CF4-DAB8-43C1-88CD-255A99845244}"
EndProject
Project("{FAE04EC0-301F-11D3-BF4B-00C04F79EFBC}") = "SampleLibrary1", "SampleLibrary1\SampleLibrary1.csproj", "{3D145D4E-241D-46E3-90A8-BBA052AC0605}"
EndProject
Global
	GlobalSection(SolutionConfigurationPlatforms) = preSolution
		Debug|Any CPU = Debug|Any CPU
		LocalTest|Any CPU = LocalTest|Any CPU
		Release|Any CPU = Release|Any CPU
	EndGlobalSection
	GlobalSection(ProjectConfigurationPlatforms) = postSolution
		{C8506C7D-2026-46A6-80CB-7AC11A19F053}.Debug|Any CPU.ActiveCfg = Debug|Any CPU
		{C8506C7D-2026-46A6-80CB-7AC11A19F053}.Debug|Any CPU.Build.0 = Debug|Any CPU
		{C8506C7D-2026-46A6-80CB-7AC11A19F053}.LocalTest|Any CPU.ActiveCfg = LocalTest|Any CPU
		{C8506C7D-2026-46A6-80CB-7AC11A19F053}.LocalTest|Any CPU.Build.0 = LocalTest|Any CPU
		{C8506C7D-2026-46A6-80CB-7AC11A19F053}.Release|Any CPU.ActiveCfg = Release|Any CPU
		{C8506C7D-2026-46A6-80CB-7AC11A19F053}.Release|Any CPU.Build.0 = Release|Any CPU
		{F5787CF4-DAB8-43C1-88CD-255A99845244}.Debug|Any CPU.ActiveCfg = Debug|Any CPU
		{F5787CF4-DAB8-43C1-88CD-255A99845244}.Debug|Any CPU.Build.0 = Debug|Any CPU
		{F5787CF4-DAB8-43C1-88CD-255A99845244}.LocalTest|Any CPU.ActiveCfg = Debug|Any CPU
		{F5787CF4-DAB8-43C1-88CD-255A99845244}.LocalTest|Any CPU.Build.0 = Debug|Any CPU
		{F5787CF4-DAB8-43C1-88CD-255A99845244}.Release|Any CPU.ActiveCfg = Release|Any CPU
		{F5787CF4-DAB8-43C1-88CD-255A99845244}.Release|Any CPU.Build.0 = Release|Any CPU
		{3D145D4E-241D-46E3-90A8-BBA052AC0605}.Debug|Any CPU.ActiveCfg = Debug|Any CPU
		{3D145D4E-241D-46E3-90A8-BBA052AC0605}.Debug|Any CPU.Build.0 = Debug|Any CPU
		{3D145D4E-241D-46E3-90A8-BBA052AC0605}.LocalTest|Any CPU.ActiveCfg = Debug|Any CPU
		{3D145D4E-241D-46E3-90A8-BBA052AC0605}.LocalTest|Any CPU.Build.0 = Debug|Any CPU
		{3D145D4E-241D-46E3-90A8-BBA052AC0605}.Release|Any CPU.ActiveCfg = Release|Any CPU
		{3D145D4E-241D-46E3-90A8-BBA052AC0605}.Release|Any CPU.Build.0 = Release|Any CPU
	EndGlobalSection
	GlobalSection(SolutionProperties) = preSolution
		HideSolutionNode = FALSE
	EndGlobalSection
	GlobalSection(NestedProjects) = preSolution
		{0FCBC715-108E-49BA-A5C6-CF21D22874B1} = {2FB55188-2625-4A89-8642-83C18FA2A362}
		{C8506C7D-2026-46A6-80CB-7AC11A19F053} = {0FCBC715-108E-49BA-A5C6-CF21D22874B1}
	EndGlobalSection
EndGlobal
